
Microsoft Visual Studio Solution File, Format Version 12.00
# Visual Studio Version 16
VisualStudioVersion = 16.0.30114.105
MinimumVisualStudioVersion = 10.0.40219.1
Project("{2150E333-8FDC-42A3-9474-1A3956D46DE8}") = "src", "src", "{ED841F55-C2E7-4C31-B95D-F6DF825FB379}"
EndProject
Project("{FAE04EC0-301F-11D3-BF4B-00C04F79EFBC}") = "GradeBook", "src\GradeBook\GradeBook.csproj", "{C2630CE4-E97F-4D46-8EFB-BD4CFCEB9AF6}"
EndProject
Project("{2150E333-8FDC-42A3-9474-1A3956D46DE8}") = "test", "test", "{56E495A5-58ED-40F9-8AB3-2052F6FFC77C}"
EndProject
Project("{FAE04EC0-301F-11D3-BF4B-00C04F79EFBC}") = "GradeBook.Tests", "test\GradeBook.Tests\GradeBook.Tests.csproj", "{3397EE75-53FE-49B0-9643-B7728F38D6A9}"
EndProject
Global
	GlobalSection(SolutionConfigurationPlatforms) = preSolution
		Debug|Any CPU = Debug|Any CPU
		Debug|x64 = Debug|x64
		Debug|x86 = Debug|x86
		Release|Any CPU = Release|Any CPU
		Release|x64 = Release|x64
		Release|x86 = Release|x86
	EndGlobalSection
	GlobalSection(SolutionProperties) = preSolution
		HideSolutionNode = FALSE
	EndGlobalSection
	GlobalSection(ProjectConfigurationPlatforms) = postSolution
		{C2630CE4-E97F-4D46-8EFB-BD4CFCEB9AF6}.Debug|Any CPU.ActiveCfg = Debug|Any CPU
		{C2630CE4-E97F-4D46-8EFB-BD4CFCEB9AF6}.Debug|Any CPU.Build.0 = Debug|Any CPU
		{C2630CE4-E97F-4D46-8EFB-BD4CFCEB9AF6}.Debug|x64.ActiveCfg = Debug|Any CPU
		{C2630CE4-E97F-4D46-8EFB-BD4CFCEB9AF6}.Debug|x64.Build.0 = Debug|Any CPU
		{C2630CE4-E97F-4D46-8EFB-BD4CFCEB9AF6}.Debug|x86.ActiveCfg = Debug|Any CPU
		{C2630CE4-E97F-4D46-8EFB-BD4CFCEB9AF6}.Debug|x86.Build.0 = Debug|Any CPU
		{C2630CE4-E97F-4D46-8EFB-BD4CFCEB9AF6}.Release|Any CPU.ActiveCfg = Release|Any CPU
		{C2630CE4-E97F-4D46-8EFB-BD4CFCEB9AF6}.Release|Any CPU.Build.0 = Release|Any CPU
		{C2630CE4-E97F-4D46-8EFB-BD4CFCEB9AF6}.Release|x64.ActiveCfg = Release|Any CPU
		{C2630CE4-E97F-4D46-8EFB-BD4CFCEB9AF6}.Release|x64.Build.0 = Release|Any CPU
		{C2630CE4-E97F-4D46-8EFB-BD4CFCEB9AF6}.Release|x86.ActiveCfg = Release|Any CPU
		{C2630CE4-E97F-4D46-8EFB-BD4CFCEB9AF6}.Release|x86.Build.0 = Release|Any CPU
		{3397EE75-53FE-49B0-9643-B7728F38D6A9}.Debug|Any CPU.ActiveCfg = Debug|Any CPU
		{3397EE75-53FE-49B0-9643-B7728F38D6A9}.Debug|Any CPU.Build.0 = Debug|Any CPU
		{3397EE75-53FE-49B0-9643-B7728F38D6A9}.Debug|x64.ActiveCfg = Debug|Any CPU
		{3397EE75-53FE-49B0-9643-B7728F38D6A9}.Debug|x64.Build.0 = Debug|Any CPU
		{3397EE75-53FE-49B0-9643-B7728F38D6A9}.Debug|x86.ActiveCfg = Debug|Any CPU
		{3397EE75-53FE-49B0-9643-B7728F38D6A9}.Debug|x86.Build.0 = Debug|Any CPU
		{3397EE75-53FE-49B0-9643-B7728F38D6A9}.Release|Any CPU.ActiveCfg = Release|Any CPU
		{3397EE75-53FE-49B0-9643-B7728F38D6A9}.Release|Any CPU.Build.0 = Release|Any CPU
		{3397EE75-53FE-49B0-9643-B7728F38D6A9}.Release|x64.ActiveCfg = Release|Any CPU
		{3397EE75-53FE-49B0-9643-B7728F38D6A9}.Release|x64.Build.0 = Release|Any CPU
		{3397EE75-53FE-49B0-9643-B7728F38D6A9}.Release|x86.ActiveCfg = Release|Any CPU
		{3397EE75-53FE-49B0-9643-B7728F38D6A9}.Release|x86.Build.0 = Release|Any CPU
	EndGlobalSection
	GlobalSection(NestedProjects) = preSolution
		{C2630CE4-E97F-4D46-8EFB-BD4CFCEB9AF6} = {ED841F55-C2E7-4C31-B95D-F6DF825FB379}
		{3397EE75-53FE-49B0-9643-B7728F38D6A9} = {56E495A5-58ED-40F9-8AB3-2052F6FFC77C}
	EndGlobalSection
EndGlobal
